
Microsoft Visual Studio Solution File, Format Version 12.00
# Visual Studio Version 16
VisualStudioVersion = 16.0.29613.14
MinimumVisualStudioVersion = 10.0.40219.1
Project("{FAE04EC0-301F-11D3-BF4B-00C04F79EFBC}") = "NewYear2020", "NewYear2020.csproj", "{D4F3F8A2-C4FA-4404-B8F2-A132D6646ACA}"
EndProject
Global
	GlobalSection(SolutionConfigurationPlatforms) = preSolution
		Debug|Any CPU = Debug|Any CPU
		Release|Any CPU = Release|Any CPU
	EndGlobalSection
	GlobalSection(ProjectConfigurationPlatforms) = postSolution
		{D4F3F8A2-C4FA-4404-B8F2-A132D6646ACA}.Debug|Any CPU.ActiveCfg = Debug|Any CPU
		{D4F3F8A2-C4FA-4404-B8F2-A132D6646ACA}.Debug|Any CPU.Build.0 = Debug|Any CPU
		{D4F3F8A2-C4FA-4404-B8F2-A132D6646ACA}.Release|Any CPU.ActiveCfg = Release|Any CPU
		{D4F3F8A2-C4FA-4404-B8F2-A132D6646ACA}.Release|Any CPU.Build.0 = Release|Any CPU
	EndGlobalSection
	GlobalSection(SolutionProperties) = preSolution
		HideSolutionNode = FALSE
	EndGlobalSection
	GlobalSection(ExtensibilityGlobals) = postSolution
		SolutionGuid = {8A9E2823-D2AB-44DA-8FA9-9C3258F8B3F9}
	EndGlobalSection
EndGlobal
